// !$*UTF8*$!
{
	archiveVersion = 1;
	classes = {
	};
	objectVersion = 46;
	objects = {

/* Begin PBXBuildFile section */
		D51C08831A43167E00031840 /* AppDelegate.swift in Sources */ = {isa = PBXBuildFile; fileRef = D51C08821A43167E00031840 /* AppDelegate.swift */; };
		D51C08851A43167E00031840 /* ViewController.swift in Sources */ = {isa = PBXBuildFile; fileRef = D51C08841A43167E00031840 /* ViewController.swift */; };
		D51C08881A43167E00031840 /* Main.storyboard in Resources */ = {isa = PBXBuildFile; fileRef = D51C08861A43167E00031840 /* Main.storyboard */; };
		D51C088A1A43167E00031840 /* Images.xcassets in Resources */ = {isa = PBXBuildFile; fileRef = D51C08891A43167E00031840 /* Images.xcassets */; };
		D51C088D1A43167E00031840 /* LaunchScreen.xib in Resources */ = {isa = PBXBuildFile; fileRef = D51C088B1A43167E00031840 /* LaunchScreen.xib */; };
		D51C08991A43167E00031840 /* AiToyMakerTests.swift in Sources */ = {isa = PBXBuildFile; fileRef = D51C08981A43167E00031840 /* AiToyMakerTests.swift */; };
		D51C08A31A4319B300031840 /* AiToyStoreViewController.swift in Sources */ = {isa = PBXBuildFile; fileRef = D51C08A21A4319B300031840 /* AiToyStoreViewController.swift */; };
/* End PBXBuildFile section */

/* Begin PBXContainerItemProxy section */
		D51C08931A43167E00031840 /* PBXContainerItemProxy */ = {
			isa = PBXContainerItemProxy;
			containerPortal = D51C08751A43167E00031840 /* Project object */;
			proxyType = 1;
			remoteGlobalIDString = D51C087C1A43167E00031840;
			remoteInfo = AiToyMaker;
		};
/* End PBXContainerItemProxy section */

/* Begin PBXFileReference section */
		D51C087D1A43167E00031840 /* AiToyMaker.app */ = {isa = PBXFileReference; explicitFileType = wrapper.application; includeInIndex = 0; path = AiToyMaker.app; sourceTree = BUILT_PRODUCTS_DIR; };
		D51C08811A43167E00031840 /* Info.plist */ = {isa = PBXFileReference; lastKnownFileType = text.plist.xml; path = Info.plist; sourceTree = "<group>"; };
		D51C08821A43167E00031840 /* AppDelegate.swift */ = {isa = PBXFileReference; lastKnownFileType = sourcecode.swift; path = AppDelegate.swift; sourceTree = "<group>"; };
		D51C08841A43167E00031840 /* ViewController.swift */ = {isa = PBXFileReference; lastKnownFileType = sourcecode.swift; path = ViewController.swift; sourceTree = "<group>"; };
		D51C08871A43167E00031840 /* Base */ = {isa = PBXFileReference; lastKnownFileType = file.storyboard; name = Base; path = Base.lproj/Main.storyboard; sourceTree = "<group>"; };
		D51C08891A43167E00031840 /* Images.xcassets */ = {isa = PBXFileReference; lastKnownFileType = folder.assetcatalog; path = Images.xcassets; sourceTree = "<group>"; };
		D51C088C1A43167E00031840 /* Base */ = {isa = PBXFileReference; lastKnownFileType = file.xib; name = Base; path = Base.lproj/LaunchScreen.xib; sourceTree = "<group>"; };
		D51C08921A43167E00031840 /* AiToyMakerTests.xctest */ = {isa = PBXFileReference; explicitFileType = wrapper.cfbundle; includeInIndex = 0; path = AiToyMakerTests.xctest; sourceTree = BUILT_PRODUCTS_DIR; };
		D51C08971A43167E00031840 /* Info.plist */ = {isa = PBXFileReference; lastKnownFileType = text.plist.xml; path = Info.plist; sourceTree = "<group>"; };
		D51C08981A43167E00031840 /* AiToyMakerTests.swift */ = {isa = PBXFileReference; lastKnownFileType = sourcecode.swift; path = AiToyMakerTests.swift; sourceTree = "<group>"; };
		D51C08A21A4319B300031840 /* AiToyStoreViewController.swift */ = {isa = PBXFileReference; fileEncoding = 4; lastKnownFileType = sourcecode.swift; name = AiToyStoreViewController.swift; path = UI/AiToyStoreViewController.swift; sourceTree = "<group>"; };
/* End PBXFileReference section */

/* Begin PBXFrameworksBuildPhase section */
		D51C087A1A43167E00031840 /* Frameworks */ = {
			isa = PBXFrameworksBuildPhase;
			buildActionMask = 2147483647;
			files = (
			);
			runOnlyForDeploymentPostprocessing = 0;
		};
		D51C088F1A43167E00031840 /* Frameworks */ = {
			isa = PBXFrameworksBuildPhase;
			buildActionMask = 2147483647;
			files = (
			);
			runOnlyForDeploymentPostprocessing = 0;
		};
/* End PBXFrameworksBuildPhase section */

/* Begin PBXGroup section */
		D51C08741A43167E00031840 = {
			isa = PBXGroup;
			children = (
				D51C087F1A43167E00031840 /* AiToyMaker */,
				D51C08951A43167E00031840 /* AiToyMakerTests */,
				D51C087E1A43167E00031840 /* Products */,
			);
			sourceTree = "<group>";
		};
		D51C087E1A43167E00031840 /* Products */ = {
			isa = PBXGroup;
			children = (
				D51C087D1A43167E00031840 /* AiToyMaker.app */,
				D51C08921A43167E00031840 /* AiToyMakerTests.xctest */,
			);
			name = Products;
			sourceTree = "<group>";
		};
		D51C087F1A43167E00031840 /* AiToyMaker */ = {
			isa = PBXGroup;
			children = (
				D51C08821A43167E00031840 /* AppDelegate.swift */,
				D51C08841A43167E00031840 /* ViewController.swift */,
				D51C08A21A4319B300031840 /* AiToyStoreViewController.swift */,
				D51C08861A43167E00031840 /* Main.storyboard */,
				D51C08891A43167E00031840 /* Images.xcassets */,
				D51C088B1A43167E00031840 /* LaunchScreen.xib */,
				D51C08801A43167E00031840 /* Supporting Files */,
			);
			path = AiToyMaker;
			sourceTree = "<group>";
		};
		D51C08801A43167E00031840 /* Supporting Files */ = {
			isa = PBXGroup;
			children = (
				D51C08811A43167E00031840 /* Info.plist */,
			);
			name = "Supporting Files";
			sourceTree = "<group>";
		};
		D51C08951A43167E00031840 /* AiToyMakerTests */ = {
			isa = PBXGroup;
			children = (
				D51C08981A43167E00031840 /* AiToyMakerTests.swift */,
				D51C08961A43167E00031840 /* Supporting Files */,
			);
			path = AiToyMakerTests;
			sourceTree = "<group>";
		};
		D51C08961A43167E00031840 /* Supporting Files */ = {
			isa = PBXGroup;
			children = (
				D51C08971A43167E00031840 /* Info.plist */,
			);
			name = "Supporting Files";
			sourceTree = "<group>";
		};
/* End PBXGroup section */

/* Begin PBXNativeTarget section */
		D51C087C1A43167E00031840 /* AiToyMaker */ = {
			isa = PBXNativeTarget;
			buildConfigurationList = D51C089C1A43167E00031840 /* Build configuration list for PBXNativeTarget "AiToyMaker" */;
			buildPhases = (
				D51C08791A43167E00031840 /* Sources */,
				D51C087A1A43167E00031840 /* Frameworks */,
				D51C087B1A43167E00031840 /* Resources */,
			);
			buildRules = (
			);
			dependencies = (
			);
			name = AiToyMaker;
			productName = AiToyMaker;
			productReference = D51C087D1A43167E00031840 /* AiToyMaker.app */;
			productType = "com.apple.product-type.application";
		};
		D51C08911A43167E00031840 /* AiToyMakerTests */ = {
			isa = PBXNativeTarget;
			buildConfigurationList = D51C089F1A43167E00031840 /* Build configuration list for PBXNativeTarget "AiToyMakerTests" */;
			buildPhases = (
				D51C088E1A43167E00031840 /* Sources */,
				D51C088F1A43167E00031840 /* Frameworks */,
				D51C08901A43167E00031840 /* Resources */,
			);
			buildRules = (
			);
			dependencies = (
				D51C08941A43167E00031840 /* PBXTargetDependency */,
			);
			name = AiToyMakerTests;
			productName = AiToyMakerTests;
			productReference = D51C08921A43167E00031840 /* AiToyMakerTests.xctest */;
			productType = "com.apple.product-type.bundle.unit-test";
		};
/* End PBXNativeTarget section */

/* Begin PBXProject section */
		D51C08751A43167E00031840 /* Project object */ = {
			isa = PBXProject;
			attributes = {
				LastUpgradeCheck = 0610;
				ORGANIZATIONNAME = Aijingang;
				TargetAttributes = {
					D51C087C1A43167E00031840 = {
						CreatedOnToolsVersion = 6.1;
					};
					D51C08911A43167E00031840 = {
						CreatedOnToolsVersion = 6.1;
						TestTargetID = D51C087C1A43167E00031840;
					};
				};
			};
			buildConfigurationList = D51C08781A43167E00031840 /* Build configuration list for PBXProject "AiToyMaker" */;
			compatibilityVersion = "Xcode 3.2";
			developmentRegion = English;
			hasScannedForEncodings = 0;
			knownRegions = (
				en,
				Base,
			);
			mainGroup = D51C08741A43167E00031840;
			productRefGroup = D51C087E1A43167E00031840 /* Products */;
			projectDirPath = "";
			projectRoot = "";
			targets = (
				D51C087C1A43167E00031840 /* AiToyMaker */,
				D51C08911A43167E00031840 /* AiToyMakerTests */,
			);
		};
/* End PBXProject section */

/* Begin PBXResourcesBuildPhase section */
		D51C087B1A43167E00031840 /* Resources */ = {
			isa = PBXResourcesBuildPhase;
			buildActionMask = 2147483647;
			files = (
				D51C08881A43167E00031840 /* Main.storyboard in Resources */,
				D51C088D1A43167E00031840 /* LaunchScreen.xib in Resources */,
				D51C088A1A43167E00031840 /* Images.xcassets in Resources */,
			);
			runOnlyForDeploymentPostprocessing = 0;
		};
		D51C08901A43167E00031840 /* Resources */ = {
			isa = PBXResourcesBuildPhase;
			buildActionMask = 2147483647;
			files = (
			);
			runOnlyForDeploymentPostprocessing = 0;
		};
/* End PBXResourcesBuildPhase section */

/* Begin PBXSourcesBuildPhase section */
		D51C08791A43167E00031840 /* Sources */ = {
			isa = PBXSourcesBuildPhase;
			buildActionMask = 2147483647;
			files = (
				D51C08851A43167E00031840 /* ViewController.swift in Sources */,
				D51C08A31A4319B300031840 /* AiToyStoreViewController.swift in Sources */,
				D51C08831A43167E00031840 /* AppDelegate.swift in Sources */,
			);
			runOnlyForDeploymentPostprocessing = 0;
		};
		D51C088E1A43167E00031840 /* Sources */ = {
			isa = PBXSourcesBuildPhase;
			buildActionMask = 2147483647;
			files = (
				D51C08991A43167E00031840 /* AiToyMakerTests.swift in Sources */,
			);
			runOnlyForDeploymentPostprocessing = 0;
		};
/* End PBXSourcesBuildPhase section */

/* Begin PBXTargetDependency section */
		D51C08941A43167E00031840 /* PBXTargetDependency */ = {
			isa = PBXTargetDependency;
			target = D51C087C1A43167E00031840 /* AiToyMaker */;
			targetProxy = D51C08931A43167E00031840 /* PBXContainerItemProxy */;
		};
/* End PBXTargetDependency section */

/* Begin PBXVariantGroup section */
		D51C08861A43167E00031840 /* Main.storyboard */ = {
			isa = PBXVariantGroup;
			children = (
				D51C08871A43167E00031840 /* Base */,
			);
			name = Main.storyboard;
			sourceTree = "<group>";
		};
		D51C088B1A43167E00031840 /* LaunchScreen.xib */ = {
			isa = PBXVariantGroup;
			children = (
				D51C088C1A43167E00031840 /* Base */,
			);
			name = LaunchScreen.xib;
			sourceTree = "<group>";
		};
/* End PBXVariantGroup section */

/* Begin XCBuildConfiguration section */
		D51C089A1A43167E00031840 /* Debug */ = {
			isa = XCBuildConfiguration;
			buildSettings = {
				ALWAYS_SEARCH_USER_PATHS = NO;
				CLANG_CXX_LANGUAGE_STANDARD = "gnu++0x";
				CLANG_CXX_LIBRARY = "libc++";
				CLANG_ENABLE_MODULES = YES;
				CLANG_ENABLE_OBJC_ARC = YES;
				CLANG_WARN_BOOL_CONVERSION = YES;
				CLANG_WARN_CONSTANT_CONVERSION = YES;
				CLANG_WARN_DIRECT_OBJC_ISA_USAGE = YES_ERROR;
				CLANG_WARN_EMPTY_BODY = YES;
				CLANG_WARN_ENUM_CONVERSION = YES;
				CLANG_WARN_INT_CONVERSION = YES;
				CLANG_WARN_OBJC_ROOT_CLASS = YES_ERROR;
				CLANG_WARN_UNREACHABLE_CODE = YES;
				CLANG_WARN__DUPLICATE_METHOD_MATCH = YES;
				"CODE_SIGN_IDENTITY[sdk=iphoneos*]" = "iPhone Developer";
				COPY_PHASE_STRIP = NO;
				ENABLE_STRICT_OBJC_MSGSEND = YES;
				GCC_C_LANGUAGE_STANDARD = gnu99;
				GCC_DYNAMIC_NO_PIC = NO;
				GCC_OPTIMIZATION_LEVEL = 0;
				GCC_PREPROCESSOR_DEFINITIONS = (
					"DEBUG=1",
					"$(inherited)",
				);
				GCC_SYMBOLS_PRIVATE_EXTERN = NO;
				GCC_WARN_64_TO_32_BIT_CONVERSION = YES;
				GCC_WARN_ABOUT_RETURN_TYPE = YES_ERROR;
				GCC_WARN_UNDECLARED_SELECTOR = YES;
				GCC_WARN_UNINITIALIZED_AUTOS = YES_AGGRESSIVE;
				GCC_WARN_UNUSED_FUNCTION = YES;
				GCC_WARN_UNUSED_VARIABLE = YES;
				IPHONEOS_DEPLOYMENT_TARGET = 8.1;
				MTL_ENABLE_DEBUG_INFO = YES;
				ONLY_ACTIVE_ARCH = YES;
				SDKROOT = iphoneos;
				SWIFT_OPTIMIZATION_LEVEL = "-Onone";
				TARGETED_DEVICE_FAMILY = "1,2";
			};
			name = Debug;
		};
		D51C089B1A43167E00031840 /* Release */ = {
			isa = XCBuildConfiguration;
			buildSettings = {
				ALWAYS_SEARCH_USER_PATHS = NO;
				CLANG_CXX_LANGUAGE_STANDARD = "gnu++0x";
				CLANG_CXX_LIBRARY = "libc++";
				CLANG_ENABLE_MODULES = YES;
				CLANG_ENABLE_OBJC_ARC = YES;
				CLANG_WARN_BOOL_CONVERSION = YES;
				CLANG_WARN_CONSTANT_CONVERSION = YES;
				CLANG_WARN_DIRECT_OBJC_ISA_USAGE = YES_ERROR;
				CLANG_WARN_EMPTY_BODY = YES;
				CLANG_WARN_ENUM_CONVERSION = YES;
				CLANG_WARN_INT_CONVERSION = YES;
				CLANG_WARN_OBJC_ROOT_CLASS = YES_ERROR;
				CLANG_WARN_UNREACHABLE_CODE = YES;
				CLANG_WARN__DUPLICATE_METHOD_MATCH = YES;
				"CODE_SIGN_IDENTITY[sdk=iphoneos*]" = "iPhone Developer";
				COPY_PHASE_STRIP = YES;
				ENABLE_NS_ASSERTIONS = NO;
				ENABLE_STRICT_OBJC_MSGSEND = YES;
				GCC_C_LANGUAGE_STANDARD = gnu99;
				GCC_WARN_64_TO_32_BIT_CONVERSION = YES;
				GCC_WARN_ABOUT_RETURN_TYPE = YES_ERROR;
				GCC_WARN_UNDECLARED_SELECTOR = YES;
				GCC_WARN_UNINITIALIZED_AUTOS = YES_AGGRESSIVE;
				GCC_WARN_UNUSED_FUNCTION = YES;
				GCC_WARN_UNUSED_VARIABLE = YES;
				IPHONEOS_DEPLOYMENT_TARGET = 8.1;
				MTL_ENABLE_DEBUG_INFO = NO;
				SDKROOT = iphoneos;
				TARGETED_DEVICE_FAMILY = "1,2";
				VALIDATE_PRODUCT = YES;
			};
			name = Release;
		};
		D51C089D1A43167E00031840 /* Debug */ = {
			isa = XCBuildConfiguration;
			buildSettings = {
				ASSETCATALOG_COMPILER_APPICON_NAME = AppIcon;
				INFOPLIST_FILE = AiToyMaker/Info.plist;
				LD_RUNPATH_SEARCH_PATHS = "$(inherited) @executable_path/Frameworks";
				PRODUCT_NAME = "$(TARGET_NAME)";
			};
			name = Debug;
		};
		D51C089E1A43167E00031840 /* Release */ = {
			isa = XCBuildConfiguration;
			buildSettings = {
				ASSETCATALOG_COMPILER_APPICON_NAME = AppIcon;
				INFOPLIST_FILE = AiToyMaker/Info.plist;
				LD_RUNPATH_SEARCH_PATHS = "$(inherited) @executable_path/Frameworks";
				PRODUCT_NAME = "$(TARGET_NAME)";
			};
			name = Release;
		};
		D51C08A01A43167E00031840 /* Debug */ = {
			isa = XCBuildConfiguration;
			buildSettings = {
				BUNDLE_LOADER = "$(TEST_HOST)";
				FRAMEWORK_SEARCH_PATHS = (
					"$(SDKROOT)/Developer/Library/Frameworks",
					"$(inherited)",
				);
				GCC_PREPROCESSOR_DEFINITIONS = (
					"DEBUG=1",
					"$(inherited)",
				);
				INFOPLIST_FILE = AiToyMakerTests/Info.plist;
				LD_RUNPATH_SEARCH_PATHS = "$(inherited) @executable_path/Frameworks @loader_path/Frameworks";
				PRODUCT_NAME = "$(TARGET_NAME)";
				TEST_HOST = "$(BUILT_PRODUCTS_DIR)/AiToyMaker.app/AiToyMaker";
			};
			name = Debug;
		};
		D51C08A11A43167E00031840 /* Release */ = {
			isa = XCBuildConfiguration;
			buildSettings = {
				BUNDLE_LOADER = "$(TEST_HOST)";
				FRAMEWORK_SEARCH_PATHS = (
					"$(SDKROOT)/Developer/Library/Frameworks",
					"$(inherited)",
				);
				INFOPLIST_FILE = AiToyMakerTests/Info.plist;
				LD_RUNPATH_SEARCH_PATHS = "$(inherited) @executable_path/Frameworks @loader_path/Frameworks";
				PRODUCT_NAME = "$(TARGET_NAME)";
				TEST_HOST = "$(BUILT_PRODUCTS_DIR)/AiToyMaker.app/AiToyMaker";
			};
			name = Release;
		};
/* End XCBuildConfiguration section */

/* Begin XCConfigurationList section */
		D51C08781A43167E00031840 /* Build configuration list for PBXProject "AiToyMaker" */ = {
			isa = XCConfigurationList;
			buildConfigurations = (
				D51C089A1A43167E00031840 /* Debug */,
				D51C089B1A43167E00031840 /* Release */,
			);
			defaultConfigurationIsVisible = 0;
			defaultConfigurationName = Release;
		};
		D51C089C1A43167E00031840 /* Build configuration list for PBXNativeTarget "AiToyMaker" */ = {
			isa = XCConfigurationList;
			buildConfigurations = (
				D51C089D1A43167E00031840 /* Debug */,
				D51C089E1A43167E00031840 /* Release */,
			);
			defaultConfigurationIsVisible = 0;
			defaultConfigurationName = Release;
		};
		D51C089F1A43167E00031840 /* Build configuration list for PBXNativeTarget "AiToyMakerTests" */ = {
			isa = XCConfigurationList;
			buildConfigurations = (
				D51C08A01A43167E00031840 /* Debug */,
				D51C08A11A43167E00031840 /* Release */,
			);
			defaultConfigurationIsVisible = 0;
			defaultConfigurationName = Release;
		};
/* End XCConfigurationList section */
	};
	rootObject = D51C08751A43167E00031840 /* Project object */;
}
